
Microsoft Visual Studio Solution File, Format Version 12.00
# Visual Studio Version 16
VisualStudioVersion = 16.0.810.25
MinimumVisualStudioVersion = 10.0.40219.1
Project("{FAE04EC0-301F-11D3-BF4B-00C04F79EFBC}") = "GurevichI_PASS3", "GurevichI_PASS3\GurevichI_PASS3.csproj", "{D16B8D31-E06A-4E41-A9F6-355A842147D0}"
EndProject
Global
	GlobalSection(SolutionConfigurationPlatforms) = preSolution
		Debug|Any CPU = Debug|Any CPU
		Release|Any CPU = Release|Any CPU
	EndGlobalSection
	GlobalSection(ProjectConfigurationPlatforms) = postSolution
		{D16B8D31-E06A-4E41-A9F6-355A842147D0}.Debug|Any CPU.ActiveCfg = Debug|Any CPU
		{D16B8D31-E06A-4E41-A9F6-355A842147D0}.Debug|Any CPU.Build.0 = Debug|Any CPU
		{D16B8D31-E06A-4E41-A9F6-355A842147D0}.Release|Any CPU.ActiveCfg = Release|Any CPU
		{D16B8D31-E06A-4E41-A9F6-355A842147D0}.Release|Any CPU.Build.0 = Release|Any CPU
	EndGlobalSection
	GlobalSection(SolutionProperties) = preSolution
		HideSolutionNode = FALSE
	EndGlobalSection
	GlobalSection(ExtensibilityGlobals) = postSolution
		SolutionGuid = {1DA27165-5323-4083-9E59-CBDB09FF21FE}
	EndGlobalSection
EndGlobal
